lockfileVersion: '6.0'

settings:
  autoInstallPeers: true
  excludeLinksFromLockfile: false

dependencies:
  '@lucide/lab':
    specifier: ^0.1.2
    version: 0.1.2

packages:

  /@lucide/lab@0.1.2:
    resolution: {integrity: sha512-VprF2BJa7ZuTGOhUd5cf8tHJXyL63wdxcGieAiVVoR9hO0YmPsnZO0AGqDiX2/br+/MC6n8BoJcmPilltOXIJA==}
    dev: false
